
Microsoft Visual Studio Solution File, Format Version 12.00
# Visual Studio 2012
Project("{FAE04EC0-301F-11D3-BF4B-00C04F79EFBC}") = "Fools.cs.Tests", "Fools.cs.Tests\Fools.cs.Tests.csproj", "{5D8ECBE5-0149-4FF2-98B2-9ACA18BFFD44}"
EndProject
Project("{FAE04EC0-301F-11D3-BF4B-00C04F79EFBC}") = "Fools.cs", "Fools.cs\Fools.cs.csproj", "{917ECD06-9ABF-4DE2-AA39-D19981577246}"
EndProject
Project("{FAE04EC0-301F-11D3-BF4B-00C04F79EFBC}") = "LanguageWorkbench", "LanguageWorkbench\LanguageWorkbench.csproj", "{29AF8BEC-4CD7-48DA-9821-3BBE6AD8E082}"
EndProject
Project("{2150E333-8FDC-42A3-9474-1A3956D46DE8}") = "Solution Items", "Solution Items", "{74F4A32F-F4DD-49F2-BAC9-D9232A1E5E56}"
	ProjectSection(SolutionItems) = preProject
		execution model.txt = execution model.txt
		FluentAssertions.xml = FluentAssertions.xml
		Newtonsoft.Json.xml = Newtonsoft.Json.xml
	EndProjectSection
EndProject
Project("{2150E333-8FDC-42A3-9474-1A3956D46DE8}") = ".nuget", ".nuget", "{D3B89DB3-1CED-4A6E-BAD1-510263186412}"
	ProjectSection(SolutionItems) = preProject
		.nuget\NuGet.Config = .nuget\NuGet.Config
		.nuget\NuGet.exe = .nuget\NuGet.exe
		.nuget\NuGet.targets = .nuget\NuGet.targets
	EndProjectSection
EndProject
Project("{2150E333-8FDC-42A3-9474-1A3956D46DE8}") = "code_samples", "code_samples", "{2178DE83-BE32-4D15-9137-8231867D23C4}"
	ProjectSection(SolutionItems) = preProject
		code_samples\final_syntax_examples.minion = code_samples\final_syntax_examples.minion
		code_samples\http.minion = code_samples\http.minion
		code_samples\http.tests.minion = code_samples\http.tests.minion
		code_samples\resourceful.minion = code_samples\resourceful.minion
		code_samples\resources.minion = code_samples\resources.minion
		code_samples\shared_legal_docs.minion = code_samples\shared_legal_docs.minion
		code_samples\sketchy.minion = code_samples\sketchy.minion
		code_samples\socket.minion = code_samples\socket.minion
		code_samples\special_handlers.minion = code_samples\special_handlers.minion
	EndProjectSection
EndProject
Global
	GlobalSection(SolutionConfigurationPlatforms) = preSolution
		Debug|Any CPU = Debug|Any CPU
		Debug|Mixed Platforms = Debug|Mixed Platforms
		Debug|x86 = Debug|x86
		Release|Any CPU = Release|Any CPU
		Release|Mixed Platforms = Release|Mixed Platforms
		Release|x86 = Release|x86
	EndGlobalSection
	GlobalSection(ProjectConfigurationPlatforms) = postSolution
		{5D8ECBE5-0149-4FF2-98B2-9ACA18BFFD44}.Debug|Any CPU.ActiveCfg = Debug|Any CPU
		{5D8ECBE5-0149-4FF2-98B2-9ACA18BFFD44}.Debug|Any CPU.Build.0 = Debug|Any CPU
		{5D8ECBE5-0149-4FF2-98B2-9ACA18BFFD44}.Debug|Mixed Platforms.ActiveCfg = Debug|Any CPU
		{5D8ECBE5-0149-4FF2-98B2-9ACA18BFFD44}.Debug|Mixed Platforms.Build.0 = Debug|Any CPU
		{5D8ECBE5-0149-4FF2-98B2-9ACA18BFFD44}.Debug|x86.ActiveCfg = Debug|Any CPU
		{5D8ECBE5-0149-4FF2-98B2-9ACA18BFFD44}.Release|Any CPU.ActiveCfg = Release|Any CPU
		{5D8ECBE5-0149-4FF2-98B2-9ACA18BFFD44}.Release|Any CPU.Build.0 = Release|Any CPU
		{5D8ECBE5-0149-4FF2-98B2-9ACA18BFFD44}.Release|Mixed Platforms.ActiveCfg = Release|Any CPU
		{5D8ECBE5-0149-4FF2-98B2-9ACA18BFFD44}.Release|Mixed Platforms.Build.0 = Release|Any CPU
		{5D8ECBE5-0149-4FF2-98B2-9ACA18BFFD44}.Release|x86.ActiveCfg = Release|Any CPU
		{917ECD06-9ABF-4DE2-AA39-D19981577246}.Debug|Any CPU.ActiveCfg = Debug|Any CPU
		{917ECD06-9ABF-4DE2-AA39-D19981577246}.Debug|Any CPU.Build.0 = Debug|Any CPU
		{917ECD06-9ABF-4DE2-AA39-D19981577246}.Debug|Mixed Platforms.ActiveCfg = Debug|Any CPU
		{917ECD06-9ABF-4DE2-AA39-D19981577246}.Debug|Mixed Platforms.Build.0 = Debug|Any CPU
		{917ECD06-9ABF-4DE2-AA39-D19981577246}.Debug|x86.ActiveCfg = Debug|Any CPU
		{917ECD06-9ABF-4DE2-AA39-D19981577246}.Release|Any CPU.ActiveCfg = Release|Any CPU
		{917ECD06-9ABF-4DE2-AA39-D19981577246}.Release|Any CPU.Build.0 = Release|Any CPU
		{917ECD06-9ABF-4DE2-AA39-D19981577246}.Release|Mixed Platforms.ActiveCfg = Release|Any CPU
		{917ECD06-9ABF-4DE2-AA39-D19981577246}.Release|Mixed Platforms.Build.0 = Release|Any CPU
		{917ECD06-9ABF-4DE2-AA39-D19981577246}.Release|x86.ActiveCfg = Release|Any CPU
		{29AF8BEC-4CD7-48DA-9821-3BBE6AD8E082}.Debug|Any CPU.ActiveCfg = Debug|x86
		{29AF8BEC-4CD7-48DA-9821-3BBE6AD8E082}.Debug|Mixed Platforms.ActiveCfg = Debug|x86
		{29AF8BEC-4CD7-48DA-9821-3BBE6AD8E082}.Debug|Mixed Platforms.Build.0 = Debug|x86
		{29AF8BEC-4CD7-48DA-9821-3BBE6AD8E082}.Debug|x86.ActiveCfg = Debug|x86
		{29AF8BEC-4CD7-48DA-9821-3BBE6AD8E082}.Debug|x86.Build.0 = Debug|x86
		{29AF8BEC-4CD7-48DA-9821-3BBE6AD8E082}.Release|Any CPU.ActiveCfg = Release|x86
		{29AF8BEC-4CD7-48DA-9821-3BBE6AD8E082}.Release|Mixed Platforms.ActiveCfg = Release|x86
		{29AF8BEC-4CD7-48DA-9821-3BBE6AD8E082}.Release|Mixed Platforms.Build.0 = Release|x86
		{29AF8BEC-4CD7-48DA-9821-3BBE6AD8E082}.Release|x86.ActiveCfg = Release|x86
		{29AF8BEC-4CD7-48DA-9821-3BBE6AD8E082}.Release|x86.Build.0 = Release|x86
	EndGlobalSection
	GlobalSection(SolutionProperties) = preSolution
		HideSolutionNode = FALSE
	EndGlobalSection
	GlobalSection(NestedProjects) = preSolution
		{2178DE83-BE32-4D15-9137-8231867D23C4} = {74F4A32F-F4DD-49F2-BAC9-D9232A1E5E56}
	EndGlobalSection
EndGlobal
